{
  "requires": true,
  "lockfileVersion": 1,
  "dependencies": {
    "@ant-design/icons": {
      "version": "1.1.16",
      "resolved": "http://registry.npm.taobao.org/@ant-design/icons/download/@ant-design/icons-1.1.16.tgz",
      "integrity": "sha1-rGQmIWk04/S8EI8vSPku1meJI14="
    },
    "@babel/runtime": {
      "version": "7.2.0",
      "resolved": "http://registry.npm.taobao.org/@babel/runtime/download/@babel/runtime-7.2.0.tgz",
      "integrity": "sha1-sD5C7t31iY4AZG5MhA+ge6jcrX8=",
      "requires": {
        "regenerator-runtime": "0.12.1"
      }
    },
    "hoist-non-react-statics": {
      "version": "3.2.1",
      "resolved": "http://registry.npm.taobao.org/hoist-non-react-statics/download/hoist-non-react-statics-3.2.1.tgz",
      "integrity": "sha1-wJwFVchLOKft5pErYe/dr9bnXh4=",
      "requires": {
        "react-is": "16.6.3"
      }
    },
    "invariant": {
      "version": "2.2.4",
      "resolved": "http://registry.npm.taobao.org/invariant/download/invariant-2.2.4.tgz",
      "integrity": "sha1-YQ88ksk1nOHbYW5TgAjSP/NRWOY=",
      "requires": {
        "loose-envify": "1.4.0"
      }
    },
    "js-tokens": {
      "version": "4.0.0",
      "resolved": "http://registry.npm.taobao.org/js-tokens/download/js-tokens-4.0.0.tgz",
      "integrity": "sha1-GSA/tZmR35jjoocFDUZHzerzJJk="
    },
    "loose-envify": {
      "version": "1.4.0",
      "resolved": "http://registry.npm.taobao.org/loose-envify/download/loose-envify-1.4.0.tgz",
      "integrity": "sha1-ce5R+nvkyuwaY4OffmgtgTLTDK8=",
      "requires": {
        "js-tokens": "4.0.0"
      }
    },
    "object-assign": {
      "version": "4.1.1",
      "resolved": "http://registry.npm.taobao.org/object-assign/download/object-assign-4.1.1.tgz",
      "integrity": "sha1-IQmtx5ZYh8/AXLvUQsrIv7s2CGM="
    },
    "prop-types": {
      "version": "15.6.2",
      "resolved": "http://registry.npm.taobao.org/prop-types/download/prop-types-15.6.2.tgz",
      "integrity": "sha1-BdXKd7RFPphdYPx/+MhZCUpJcQI=",
      "requires": {
        "loose-envify": "1.4.0",
        "object-assign": "4.1.1"
      }
    },
    "react-is": {
      "version": "16.6.3",
      "resolved": "http://registry.npm.taobao.org/react-is/download/react-is-16.6.3.tgz",
      "integrity": "sha1-0tdGL8/L5uwNpWrWkEfkflbn6sA="
    },
    "react-redux": {
      "version": "6.0.0",
      "resolved": "http://registry.npm.taobao.org/react-redux/download/react-redux-6.0.0.tgz",
      "integrity": "sha1-Cehu7tX+u5jpRCRYrSlwyPGhc+8=",
      "requires": {
        "@babel/runtime": "7.2.0",
        "hoist-non-react-statics": "3.2.1",
        "invariant": "2.2.4",
        "loose-envify": "1.4.0",
        "prop-types": "15.6.2",
        "react-is": "16.6.3"
      }
    },
    "regenerator-runtime": {
      "version": "0.12.1",
      "resolved": "http://registry.npm.taobao.org/regenerator-runtime/download/regenerator-runtime-0.12.1.tgz",
      "integrity": "sha1-+hpxVEdkwDb4xJsToIsllMn4oN4="
    }
  }
}
